
Microsoft Visual Studio Solution File, Format Version 12.00
# Visual Studio Version 16
VisualStudioVersion = 16.0.30611.23
MinimumVisualStudioVersion = 10.0.40219.1
Project("{FAE04EC0-301F-11D3-BF4B-00C04F79EFBC}") = "OODProjectY2", "OODProjectY2\OODProjectY2.csproj", "{4D15C08A-4846-45D2-9526-1E41E93E0601}"
EndProject
Global
	GlobalSection(SolutionConfigurationPlatforms) = preSolution
		Debug|Any CPU = Debug|Any CPU
		Release|Any CPU = Release|Any CPU
	EndGlobalSection
	GlobalSection(ProjectConfigurationPlatforms) = postSolution
		{4D15C08A-4846-45D2-9526-1E41E93E0601}.Debug|Any CPU.ActiveCfg = Debug|Any CPU
		{4D15C08A-4846-45D2-9526-1E41E93E0601}.Debug|Any CPU.Build.0 = Debug|Any CPU
		{4D15C08A-4846-45D2-9526-1E41E93E0601}.Release|Any CPU.ActiveCfg = Release|Any CPU
		{4D15C08A-4846-45D2-9526-1E41E93E0601}.Release|Any CPU.Build.0 = Release|Any CPU
	EndGlobalSection
	GlobalSection(SolutionProperties) = preSolution
		HideSolutionNode = FALSE
	EndGlobalSection
	GlobalSection(ExtensibilityGlobals) = postSolution
		SolutionGuid = {C53394DA-ACE9-4DFD-857E-0C1E2CB38709}
	EndGlobalSection
EndGlobal
